
Microsoft Visual Studio Solution File, Format Version 12.00
# Visual Studio 2017
Project("{FAE04EC0-301F-11D3-BF4B-00C04F79EFBC}") = "DEUSVULT-master", "DEUSVULT-master.csproj", "{D88BC9B0-530A-3B52-4DCE-54580667FF7B}"
EndProject
Project("{FAE04EC0-301F-11D3-BF4B-00C04F79EFBC}") = "DEUSVULT-master", "DEUSVULT-master.csproj", "{D88BC9B0-530A-3B52-4DCE-54580667FF7B}"
EndProject
Project("{FAE04EC0-301F-11D3-BF4B-00C04F79EFBC}") = "DEUSVULT-master.Editor", "DEUSVULT-master.Editor.csproj", "{3F889A74-62AE-E9E5-4C43-B9F504D47FEB}"
EndProject
Project("{FAE04EC0-301F-11D3-BF4B-00C04F79EFBC}") = "DEUSVULT-master.Editor", "DEUSVULT-master.Editor.csproj", "{3F889A74-62AE-E9E5-4C43-B9F504D47FEB}"
EndProject
Project("{FAE04EC0-301F-11D3-BF4B-00C04F79EFBC}") = "DEUSVULT-master.Editor", "DEUSVULT-master.Editor.csproj", "{3F889A74-62AE-E9E5-4C43-B9F504D47FEB}"
EndProject
Global
	GlobalSection(SolutionConfigurationPlatforms) = preSolution
		Debug|Any CPU = Debug|Any CPU
		Release|Any CPU = Release|Any CPU
	EndGlobalSection
	GlobalSection(ProjectConfigurationPlatforms) = postSolution
		{D88BC9B0-530A-3B52-4DCE-54580667FF7B}.Debug|Any CPU.ActiveCfg = Debug|Any CPU
		{D88BC9B0-530A-3B52-4DCE-54580667FF7B}.Debug|Any CPU.Build.0 = Debug|Any CPU
		{D88BC9B0-530A-3B52-4DCE-54580667FF7B}.Release|Any CPU.ActiveCfg = Release|Any CPU
		{D88BC9B0-530A-3B52-4DCE-54580667FF7B}.Release|Any CPU.Build.0 = Release|Any CPU
		{D88BC9B0-530A-3B52-4DCE-54580667FF7B}.Debug|Any CPU.ActiveCfg = Debug|Any CPU
		{D88BC9B0-530A-3B52-4DCE-54580667FF7B}.Debug|Any CPU.Build.0 = Debug|Any CPU
		{D88BC9B0-530A-3B52-4DCE-54580667FF7B}.Release|Any CPU.ActiveCfg = Release|Any CPU
		{D88BC9B0-530A-3B52-4DCE-54580667FF7B}.Release|Any CPU.Build.0 = Release|Any CPU
		{3F889A74-62AE-E9E5-4C43-B9F504D47FEB}.Debug|Any CPU.ActiveCfg = Debug|Any CPU
		{3F889A74-62AE-E9E5-4C43-B9F504D47FEB}.Debug|Any CPU.Build.0 = Debug|Any CPU
		{3F889A74-62AE-E9E5-4C43-B9F504D47FEB}.Release|Any CPU.ActiveCfg = Release|Any CPU
		{3F889A74-62AE-E9E5-4C43-B9F504D47FEB}.Release|Any CPU.Build.0 = Release|Any CPU
		{3F889A74-62AE-E9E5-4C43-B9F504D47FEB}.Debug|Any CPU.ActiveCfg = Debug|Any CPU
		{3F889A74-62AE-E9E5-4C43-B9F504D47FEB}.Debug|Any CPU.Build.0 = Debug|Any CPU
		{3F889A74-62AE-E9E5-4C43-B9F504D47FEB}.Release|Any CPU.ActiveCfg = Release|Any CPU
		{3F889A74-62AE-E9E5-4C43-B9F504D47FEB}.Release|Any CPU.Build.0 = Release|Any CPU
		{3F889A74-62AE-E9E5-4C43-B9F504D47FEB}.Debug|Any CPU.ActiveCfg = Debug|Any CPU
		{3F889A74-62AE-E9E5-4C43-B9F504D47FEB}.Debug|Any CPU.Build.0 = Debug|Any CPU
		{3F889A74-62AE-E9E5-4C43-B9F504D47FEB}.Release|Any CPU.ActiveCfg = Release|Any CPU
		{3F889A74-62AE-E9E5-4C43-B9F504D47FEB}.Release|Any CPU.Build.0 = Release|Any CPU
	EndGlobalSection
	GlobalSection(SolutionProperties) = preSolution
		HideSolutionNode = FALSE
	EndGlobalSection
EndGlobal
