
Microsoft Visual Studio Solution File, Format Version 12.00
# Visual Studio 15
VisualStudioVersion = 15.0.26730.15
MinimumVisualStudioVersion = 10.0.40219.1
Project("{FAE04EC0-301F-11D3-BF4B-00C04F79EFBC}") = "To Victory!", "To Victory!.csproj", "{D678BF17-CFAA-7D9F-085B-BA397F04451B}"
EndProject
Project("{FAE04EC0-301F-11D3-BF4B-00C04F79EFBC}") = "To Victory!.Editor", "To Victory!.Editor.csproj", "{27455957-86E0-00AE-B127-99CD028A5205}"
EndProject
Global
	GlobalSection(SolutionConfigurationPlatforms) = preSolution
		Debug|Any CPU = Debug|Any CPU
		Release|Any CPU = Release|Any CPU
	EndGlobalSection
	GlobalSection(ProjectConfigurationPlatforms) = postSolution
		{D678BF17-CFAA-7D9F-085B-BA397F04451B}.Debug|Any CPU.ActiveCfg = Debug|Any CPU
		{D678BF17-CFAA-7D9F-085B-BA397F04451B}.Debug|Any CPU.Build.0 = Debug|Any CPU
		{D678BF17-CFAA-7D9F-085B-BA397F04451B}.Release|Any CPU.ActiveCfg = Release|Any CPU
		{D678BF17-CFAA-7D9F-085B-BA397F04451B}.Release|Any CPU.Build.0 = Release|Any CPU
		{27455957-86E0-00AE-B127-99CD028A5205}.Debug|Any CPU.ActiveCfg = Debug|Any CPU
		{27455957-86E0-00AE-B127-99CD028A5205}.Debug|Any CPU.Build.0 = Debug|Any CPU
		{27455957-86E0-00AE-B127-99CD028A5205}.Release|Any CPU.ActiveCfg = Release|Any CPU
		{27455957-86E0-00AE-B127-99CD028A5205}.Release|Any CPU.Build.0 = Release|Any CPU
	EndGlobalSection
	GlobalSection(SolutionProperties) = preSolution
		HideSolutionNode = FALSE
	EndGlobalSection
	GlobalSection(ExtensibilityGlobals) = postSolution
		SolutionGuid = {D0797B67-48B9-4EEE-88DA-F1B7C19DA628}
	EndGlobalSection
EndGlobal
